{
  "lockfileVersion": 1,
  "configVersion": 1,
  "workspaces": {
    "": {
      "name": "js-analyzer-cli",
      "dependencies": {
        "@toon-format/toon": "^2.1.0",
      },
    },
  },
  "packages": {
    "@toon-format/toon": ["@toon-format/toon@2.1.0", "", {}, "sha512-JwWptdF5eOA0HaQxbKAzkpQtR4wSWTEfDlEy/y3/4okmOAX1qwnpLZMmtEWr+ncAhTTY1raCKH0kteHhSXnQqg=="],
  }
}
